
Microsoft Visual Studio Solution File, Format Version 12.00
# Visual Studio Version 16
VisualStudioVersion = 16.0.808.3
MinimumVisualStudioVersion = 10.0.40219.1
Project("{FAE04EC0-301F-11D3-BF4B-00C04F79EFBC}") = "test", "test\test.csproj", "{273390DF-3164-44E8-A9CF-371EE88FBE9E}"
EndProject
Global
	GlobalSection(SolutionConfigurationPlatforms) = preSolution
		Debug|Any CPU = Debug|Any CPU
		Release|Any CPU = Release|Any CPU
	EndGlobalSection
	GlobalSection(ProjectConfigurationPlatforms) = postSolution
		{273390DF-3164-44E8-A9CF-371EE88FBE9E}.Debug|Any CPU.ActiveCfg = Debug|Any CPU
		{273390DF-3164-44E8-A9CF-371EE88FBE9E}.Debug|Any CPU.Build.0 = Debug|Any CPU
		{273390DF-3164-44E8-A9CF-371EE88FBE9E}.Release|Any CPU.ActiveCfg = Release|Any CPU
		{273390DF-3164-44E8-A9CF-371EE88FBE9E}.Release|Any CPU.Build.0 = Release|Any CPU
	EndGlobalSection
	GlobalSection(SolutionProperties) = preSolution
		HideSolutionNode = FALSE
	EndGlobalSection
	GlobalSection(ExtensibilityGlobals) = postSolution
		SolutionGuid = {DA1A83A8-85EF-4D98-A208-928FCB0099FD}
	EndGlobalSection
EndGlobal
